<?xml version="1.0" encoding="utf-8"?>
<Project ToolsVersion="4.0" xmlns="http://schemas.microsoft.com/developer/msbuild/2003">
  <ItemGroup>
    <Filter Include="Source Files">
      <UniqueIdentifier>{4FC737F1-C7A5-4376-A066-2A32D752A2FF}</UniqueIdentifier>
      <Extensions>cpp;c;cc;cxx;c++;cppm;ixx;def;odl;idl;hpj;bat;asm;asmx</Extensions>
    </Filter>
    <Filter Include="Header Files">
      <UniqueIdentifier>{93995380-89BD-4b04-88EB-625FBE52EBFB}</UniqueIdentifier>
      <Extensions>h;hh;hpp;hxx;h++;hm;inl;inc;ipp;xsd</Extensions>
    </Filter>
    <Filter Include="Resource Files">
      <UniqueIdentifier>{67DA6AB6-F800-4c08-8B7A-83BB121AAD01}</UniqueIdentifier>
      <Extensions>rc;ico;cur;bmp;dlg;rc2;rct;bin;rgs;gif;jpg;jpeg;jpe;resx;tiff;tif;png;wav;mfcribbon-ms</Extensions>
    </Filter>
    <Filter Include="mem">
      <UniqueIdentifier>{22032550-4810-4d06-978e-7197f801689e}</UniqueIdentifier>
    </Filter>
    <Filter Include="proc">
      <UniqueIdentifier>{a57fb815-88f7-4d7a-9a81-15ab0e500c2f}</UniqueIdentifier>
    </Filter>
    <Filter Include="pch">
      <UniqueIdentifier>{9fa80d0a-a1ae-4cb5-86d4-2c2465346019}</UniqueIdentifier>
    </Filter>
    <Filter Include="hook">
      <UniqueIdentifier>{d25f1b09-b817-4757-b718-2f9cf18b6d67}</UniqueIdentifier>
    </Filter>
    <Filter Include="OpenGL Text">
      <UniqueIdentifier>{81c8c90d-c892-4360-8301-f794b13dba03}</UniqueIdentifier>
    </Filter>
    <Filter Include="OpenGL Draw">
      <UniqueIdentifier>{03a1aee2-dd2b-4a93-99fc-6fa8f0f817a3}</UniqueIdentifier>
    </Filter>
    <Filter Include="geom">
      <UniqueIdentifier>{4ffb97bf-3c7a-4a20-a17e-8ed44a41bff2}</UniqueIdentifier>
    </Filter>
    <Filter Include="ESP">
      <UniqueIdentifier>{3edb5a76-7695-438b-b527-0d9d5a1db2de}</UniqueIdentifier>
    </Filter>
    <Filter Include="GUI">
      <UniqueIdentifier>{7c8e25bb-b017-4646-b341-ae1e8ae97fdf}</UniqueIdentifier>
    </Filter>
  </ItemGroup>
  <ItemGroup>
    <ClInclude Include="framework.h">
      <Filter>Header Files</Filter>
    </ClInclude>
    <ClInclude Include="pch.h">
      <Filter>Header Files</Filter>
    </ClInclude>
    <ClInclude Include="mem.h">
      <Filter>mem</Filter>
    </ClInclude>
    <ClInclude Include="proc.h">
      <Filter>proc</Filter>
    </ClInclude>
    <ClInclude Include="stdafx.h">
      <Filter>pch</Filter>
    </ClInclude>
    <ClInclude Include="targetver.h">
      <Filter>pch</Filter>
    </ClInclude>
    <ClInclude Include="hook.h">
      <Filter>hook</Filter>
    </ClInclude>
    <ClInclude Include="glDraw.h">
      <Filter>OpenGL Draw</Filter>
    </ClInclude>
    <ClInclude Include="glText.h">
      <Filter>OpenGL Text</Filter>
    </ClInclude>
    <ClInclude Include="assaultcube.h">
      <Filter>Header Files</Filter>
    </ClInclude>
    <ClInclude Include="ESP.h">
      <Filter>ESP</Filter>
    </ClInclude>
    <ClInclude Include="geom.h">
      <Filter>geom</Filter>
    </ClInclude>
    <ClInclude Include="GUI.h">
      <Filter>GUI</Filter>
    </ClInclude>
  </ItemGroup>
  <ItemGroup>
    <ClCompile Include="dllmain.cpp">
      <Filter>Source Files</Filter>
    </ClCompile>
    <ClCompile Include="mem.cpp">
      <Filter>mem</Filter>
    </ClCompile>
    <ClCompile Include="proc.cpp">
      <Filter>proc</Filter>
    </ClCompile>
    <ClCompile Include="hook.cpp">
      <Filter>hook</Filter>
    </ClCompile>
    <ClCompile Include="glDraw.cpp">
      <Filter>OpenGL Draw</Filter>
    </ClCompile>
    <ClCompile Include="glText.cpp">
      <Filter>OpenGL Text</Filter>
    </ClCompile>
    <ClCompile Include="ESP.cpp">
      <Filter>ESP</Filter>
    </ClCompile>
    <ClCompile Include="geom.cpp">
      <Filter>geom</Filter>
    </ClCompile>
    <ClCompile Include="GUI.cpp">
      <Filter>GUI</Filter>
    </ClCompile>
  </ItemGroup>
</Project>